{
  "version": "2",
  "remote": {
    "https://deno.land/std@0.181.0/fmt/colors.ts": "d67e3cd9f472535241a8e410d33423980bec45047e343577554d3356e1f0ef4e",
    "https://deno.land/std@0.181.0/testing/_diff.ts": "1a3c044aedf77647d6cac86b798c6417603361b66b54c53331b312caeb447aea",
    "https://deno.land/std@0.181.0/testing/_format.ts": "a69126e8a469009adf4cf2a50af889aca364c349797e63174884a52ff75cf4c7",
    "https://deno.land/std@0.181.0/testing/_test_suite.ts": "30f018feeb3835f12ab198d8a518f9089b1bcb2e8c838a8b615ab10d5005465c",
    "https://deno.land/std@0.181.0/testing/asserts.ts": "e16d98b4d73ffc4ed498d717307a12500ae4f2cbe668f1a215632d19fcffc22f",
    "https://deno.land/std@0.181.0/testing/bdd.ts": "c5ca6d85940dbcc19b4d2bc3608d49ab65d81470aa91306d5efa4b0d5c945731",
    "https://deno.land/x/isx@1.1.1/is_number.ts": "27899cf8c67f304a2d0b635c0787d5197d7a5315525e7b98176b389139b5695a",
    "https://deno.land/x/isx@1.1.1/is_string.ts": "268254eab5f8dbc09ee879eb53675813cdc5350207dde436d457cb34462cc857",
    "https://deno.land/x/isx@1.1.1/is_undefined.ts": "561d7787e74bc56f83870df386bd0ed81d8006f2ee0062cf8903589fc89c51ac",
    "https://deno.land/x/isx@1.1.1/iterable/is_not_empty.ts": "7e0417b5d6a2d58cc5a446e0f55b8188504873ede0dbea19c5316ed9e21dad08",
    "https://deno.land/x/isx@1.1.1/number/is_non_negative_integer.ts": "ce7b63f40d22bd5575f008f370493e1ce4e5305f59144fb6362a459a2b13ccf1",
    "https://deno.land/x/prelude_js@1.0.0-beta.3/deps.ts": "8a8002b53623cfbf38b95ec23802f0580634546f3cc65875251ba80e28fe64aa",
    "https://deno.land/x/prelude_js@1.0.0-beta.3/lists.ts": "7c320f4d314d32e6aadb0c9d3739d188afa84966b0fb918ac3b7b35b76713fb0",
    "https://deno.land/x/prelude_js@1.0.0-beta.3/mod.ts": "d077acf8b674b18d0decd83885de7a00360a448a8a141ae4335671b2c83c914e",
    "https://deno.land/x/prelude_js@1.0.0-beta.3/multiary.ts": "afd3991456cea084bc2f995bd56b780c358ceff9c1f292ab7dfa5496af5172a8",
    "https://deno.land/x/prelude_js@1.0.0-beta.3/records.ts": "4dbb6db91ddb35aa6171a98256db97c8a8c3af9221767a8dbad21a00ebd42e7e",
    "https://deno.land/x/prelude_js@1.0.0-beta.3/unary.ts": "b79963a09af544cdbf81caf341fb25887a453670455a0808ce8c595bec4cc7e1"
  }
}
